
Microsoft Visual Studio Solution File, Format Version 12.00
# Visual Studio Version 16
VisualStudioVersion = 16.0.30225.117
MinimumVisualStudioVersion = 10.0.40219.1
Project("{FAE04EC0-301F-11D3-BF4B-00C04F79EFBC}") = "SuperTesting", "SuperTesting\SuperTesting.csproj", "{BCEC9AFA-48F3-4FA1-ABDB-F46C92C4D128}"
EndProject
Global
	GlobalSection(SolutionConfigurationPlatforms) = preSolution
		Debug|Any CPU = Debug|Any CPU
		Release|Any CPU = Release|Any CPU
	EndGlobalSection
	GlobalSection(ProjectConfigurationPlatforms) = postSolution
		{BCEC9AFA-48F3-4FA1-ABDB-F46C92C4D128}.Debug|Any CPU.ActiveCfg = Debug|Any CPU
		{BCEC9AFA-48F3-4FA1-ABDB-F46C92C4D128}.Debug|Any CPU.Build.0 = Debug|Any CPU
		{BCEC9AFA-48F3-4FA1-ABDB-F46C92C4D128}.Release|Any CPU.ActiveCfg = Release|Any CPU
		{BCEC9AFA-48F3-4FA1-ABDB-F46C92C4D128}.Release|Any CPU.Build.0 = Release|Any CPU
	EndGlobalSection
	GlobalSection(SolutionProperties) = preSolution
		HideSolutionNode = FALSE
	EndGlobalSection
	GlobalSection(ExtensibilityGlobals) = postSolution
		SolutionGuid = {DE66B168-1774-4CDB-B56C-5D96F80DEEF2}
	EndGlobalSection
EndGlobal
